
Microsoft Visual Studio Solution File, Format Version 12.00
# Visual Studio 2017
Project("{FAE04EC0-301F-11D3-BF4B-00C04F79EFBC}") = "VIVE", "VIVE.csproj", "{6D09642D-6948-0296-6DD7-77055DDF1A4F}"
EndProject
Project("{FAE04EC0-301F-11D3-BF4B-00C04F79EFBC}") = "VIVE.Editor", "VIVE.Editor.csproj", "{5E556951-697F-0493-0555-13386976C1EF}"
EndProject
Global
	GlobalSection(SolutionConfigurationPlatforms) = preSolution
		Debug|Any CPU = Debug|Any CPU
		Release|Any CPU = Release|Any CPU
	EndGlobalSection
	GlobalSection(ProjectConfigurationPlatforms) = postSolution
		{6D09642D-6948-0296-6DD7-77055DDF1A4F}.Debug|Any CPU.ActiveCfg = Debug|Any CPU
		{6D09642D-6948-0296-6DD7-77055DDF1A4F}.Debug|Any CPU.Build.0 = Debug|Any CPU
		{6D09642D-6948-0296-6DD7-77055DDF1A4F}.Release|Any CPU.ActiveCfg = Release|Any CPU
		{6D09642D-6948-0296-6DD7-77055DDF1A4F}.Release|Any CPU.Build.0 = Release|Any CPU
		{5E556951-697F-0493-0555-13386976C1EF}.Debug|Any CPU.ActiveCfg = Debug|Any CPU
		{5E556951-697F-0493-0555-13386976C1EF}.Debug|Any CPU.Build.0 = Debug|Any CPU
		{5E556951-697F-0493-0555-13386976C1EF}.Release|Any CPU.ActiveCfg = Release|Any CPU
		{5E556951-697F-0493-0555-13386976C1EF}.Release|Any CPU.Build.0 = Release|Any CPU
	EndGlobalSection
	GlobalSection(SolutionProperties) = preSolution
		HideSolutionNode = FALSE
	EndGlobalSection
EndGlobal
